---
lockfileVersion: '9.0'

importers:

  .:
    configDependencies: {}
    packageManagerDependencies:
      '@pnpm/exe':
        specifier: 11.17.0
        version: 11.17.0
      pnpm:
        specifier: 11.17.0
        version: 11.17.0

packages:

  '@pnpm/exe@11.17.0':
    resolution: {integrity: sha512-lZWoAn5iAmIX0oiez/CeXIhVo1VGJn78VdQRTHFJWcldN/FjvfN1DKYFLeZHKIyZ0fKTjfojruVJhzOBD1Ribg==}
    hasBin: true

  '@pnpm/linux-arm64@11.17.0':
    resolution: {integrity: sha512-SKMkhu6HHgWbN8JfhK+QCHnky62EASkD8Ip6krwWYtHWBFKDz/nAFRf2n6YjuqY/aZMGZmP6Phn1woUe7xpGkA==}
    cpu: [arm64]
    os: [linux]

  '@pnpm/linux-x64@11.17.0':
    resolution: {integrity: sha512-2ua1+O9zFrebCMIcTSxAIG0w+k01PqYkFzMAvTtf7zEcmkSO0PiDvnhEtVqziXT8CVDSIILPYxx29uhAJzupzA==}
    cpu: [x64]
    os: [linux]

  '@pnpm/linuxstatic-arm64@11.17.0':
    resolution: {integrity: sha512-lf0AqTzwcDZMesK5bl3IElOrmiHFqrnGN24Z974smIZIlXQq0h8vkda8UlvDYxIyPkDq/+XmOGI4qAfc33Fcow==}
    cpu: [arm64]
    os: [linux]
    libc: [musl]

  '@pnpm/linuxstatic-x64@11.17.0':
    resolution: {integrity: sha512-+CO5KvfRcAJCm5a1A1sDI7/FKplJW1dHxdY+6xv8F53h8F4Mvk9839HoQpv1NtQMFxtFXOMcRm1TmdQEIBz3FQ==}
    cpu: [x64]
    os: [linux]
    libc: [musl]

  '@pnpm/macos-arm64@11.17.0':
    resolution: {integrity: sha512-EQHPo5DLYvJ3kl9f5uSTyq9AvB1IYPmcDQXeU7CN0B74pZoJyKqsiPfuAQ/vr+eKD5ecbYL6jmbhlb5gWqjENA==}
    cpu: [arm64]
    os: [darwin]

  '@pnpm/win-arm64@11.17.0':
    resolution: {integrity: sha512-FPws2ER3+0h4EHS9UxEuAgAXgsUghSdsSjzSgDps9y9fvWl5q1HVVpixlezXf/roca8j9TPxnkGPo8+xaIWNRw==}
    cpu: [arm64]
    os: [win32]

  '@pnpm/win-x64@11.17.0':
    resolution: {integrity: sha512-4YhOi214A9Ou9Zfg93oCEhU6a1vizebiqVAlEdYNGmd3zeyf7wv2K0Ek8oDQpSX32QXEGIhvF3Y/Ss1EDI7DFg==}
    cpu: [x64]
    os: [win32]

  '@reflink/reflink-darwin-arm64@0.1.19':
    resolution: {integrity: sha512-ruy44Lpepdk1FqDz38vExBY/PVUsjxZA+chd9wozjUH9JjuDT/HEaQYA6wYN9mf041l0yLVar6BCZuWABJvHSA==}
    engines: {node: '>= 10'}
    cpu: [arm64]
    os: [darwin]

  '@reflink/reflink-darwin-x64@0.1.19':
    resolution: {integrity: sha512-By85MSWrMZa+c26TcnAy8SDk0sTUkYlNnwknSchkhHpGXOtjNDUOxJE9oByBnGbeuIE1PiQsxDG3Ud+IVV9yuA==}
    engines: {node: '>= 10'}
    cpu: [x64]
    os: [darwin]

  '@reflink/reflink-linux-arm64-gnu@0.1.19':
    resolution: {integrity: sha512-7P+er8+rP9iNeN+bfmccM4hTAaLP6PQJPKWSA4iSk2bNvo6KU6RyPgYeHxXmzNKzPVRcypZQTpFgstHam6maVg==}
    engines: {node: '>= 10'}
    cpu: [arm64]
    os: [linux]
    libc: [glibc]

  '@reflink/reflink-linux-arm64-musl@0.1.19':
    resolution: {integrity: sha512-37iO/Dp6m5DDaC2sf3zPtx/hl9FV3Xze4xoYidrxxS9bgP3S8ALroxRK6xBG/1TtfXKTvolvp+IjrUU6ujIGmA==}
    engines: {node: '>= 10'}
    cpu: [arm64]
    os: [linux]
    libc: [musl]

  '@reflink/reflink-linux-x64-gnu@0.1.19':
    resolution: {integrity: sha512-jbI8jvuYCaA3MVUdu8vLoLAFqC+iNMpiSuLbxlAgg7x3K5bsS8nOpTRnkLF7vISJ+rVR8W+7ThXlXlUQ93ulkw==}
    engines: {node: '>= 10'}
    cpu: [x64]
    os: [linux]
    libc: [glibc]

  '@reflink/reflink-linux-x64-musl@0.1.19':
    resolution: {integrity: sha512-e9FBWDe+lv7QKAwtKOt6A2W/fyy/aEEfr0g6j/hWzvQcrzHCsz07BNQYlNOjTfeytrtLU7k449H1PI95jA4OjQ==}
    engines: {node: '>= 10'}
    cpu: [x64]
    os: [linux]
    libc: [musl]

  '@reflink/reflink-win32-arm64-msvc@0.1.19':
    resolution: {integrity: sha512-09PxnVIQcd+UOn4WAW73WU6PXL7DwGS6wPlkMhMg2zlHHG65F3vHepOw06HFCq+N42qkaNAc8AKIabWvtk6cIQ==}
    engines: {node: '>= 10'}
    cpu: [arm64]
    os: [win32]

  '@reflink/reflink-win32-x64-msvc@0.1.19':
    resolution: {integrity: sha512-E//yT4ni2SyhwP8JRjVGWr3cbnhWDiPLgnQ66qqaanjjnMiu3O/2tjCPQXlcGc/DEYofpDc9fvhv6tALQsMV9w==}
    engines: {node: '>= 10'}
    cpu: [x64]
    os: [win32]

  '@reflink/reflink@0.1.19':
    resolution: {integrity: sha512-DmCG8GzysnCZ15bres3N5AHCmwBwYgp0As6xjhQ47rAUTUXxJiK+lLUxaGsX3hd/30qUpVElh05PbGuxRPgJwA==}
    engines: {node: '>= 10'}

  detect-libc@2.1.2:
    resolution: {integrity: sha512-Btj2BOOO83o3WyH59e8MgXsxEQVcarkUOpEYrubB0urwnN10yQ364rsiByU11nZlqWYZm05i/of7io4mzihBtQ==}
    engines: {node: '>=8'}

  pnpm@11.17.0:
    resolution: {integrity: sha512-zKPOozKtJUu4QUX5ZtGfSHlhUhA0b8kseaBH8joNezzKPDeS8AdrofGDHSd++88KkRmzGppg7Kf7PWIx8zHvcg==}
    engines: {node: '>=22.13'}
    hasBin: true

snapshots:

  '@pnpm/exe@11.17.0':
    dependencies:
      '@reflink/reflink': 0.1.19
      detect-libc: 2.1.2
    optionalDependencies:
      '@pnpm/linux-arm64': 11.17.0
      '@pnpm/linux-x64': 11.17.0
      '@pnpm/linuxstatic-arm64': 11.17.0
      '@pnpm/linuxstatic-x64': 11.17.0
      '@pnpm/macos-arm64': 11.17.0
      '@pnpm/win-arm64': 11.17.0
      '@pnpm/win-x64': 11.17.0

  '@pnpm/linux-arm64@11.17.0':
    optional: true

  '@pnpm/linux-x64@11.17.0':
    optional: true

  '@pnpm/linuxstatic-arm64@11.17.0':
    optional: true

  '@pnpm/linuxstatic-x64@11.17.0':
    optional: true

  '@pnpm/macos-arm64@11.17.0':
    optional: true

  '@pnpm/win-arm64@11.17.0':
    optional: true

  '@pnpm/win-x64@11.17.0':
    optional: true

  '@reflink/reflink-darwin-arm64@0.1.19':
    optional: true

  '@reflink/reflink-darwin-x64@0.1.19':
    optional: true

  '@reflink/reflink-linux-arm64-gnu@0.1.19':
    optional: true

  '@reflink/reflink-linux-arm64-musl@0.1.19':
    optional: true

  '@reflink/reflink-linux-x64-gnu@0.1.19':
    optional: true

  '@reflink/reflink-linux-x64-musl@0.1.19':
    optional: true

  '@reflink/reflink-win32-arm64-msvc@0.1.19':
    optional: true

  '@reflink/reflink-win32-x64-msvc@0.1.19':
    optional: true

  '@reflink/reflink@0.1.19':
    optionalDependencies:
      '@reflink/reflink-darwin-arm64': 0.1.19
      '@reflink/reflink-darwin-x64': 0.1.19
      '@reflink/reflink-linux-arm64-gnu': 0.1.19
      '@reflink/reflink-linux-arm64-musl': 0.1.19
      '@reflink/reflink-linux-x64-gnu': 0.1.19
      '@reflink/reflink-linux-x64-musl': 0.1.19
      '@reflink/reflink-win32-arm64-msvc': 0.1.19
      '@reflink/reflink-win32-x64-msvc': 0.1.19

  detect-libc@2.1.2: {}

  pnpm@11.17.0: {}

---
lockfileVersion: '9.0'

settings:
  autoInstallPeers: true
  excludeLinksFromLockfile: false

importers:

  .:
    dependencies:
      date-fns:
        specifier: ^4.4.0
        version: 4.4.0
      js-base64:
        specifier: ^3.9.4
        version: 3.9.4
      loro-crdt:
        specifier: ^1.16.1
        version: 1.16.1
      mobx:
        specifier: ^7.0.3
        version: 7.0.3
      nanoevents:
        specifier: ^10.0.0
        version: 10.0.0
      pino:
        specifier: ^10.3.1
        version: 10.3.1
      uuid:
        specifier: ^14.0.2
        version: 14.0.2
    devDependencies:
      '@rspack/cli':
        specifier: ^2.2.6
        version: 2.2.6(@rspack/core@2.2.6)
      '@rspack/core':
        specifier: ^2.2.6
        version: 2.2.6
      '@types/ws':
        specifier: ^8.18.1
        version: 8.18.1
      ws:
        specifier: ^8.21.3
        version: 8.21.3

packages:

  '@emnapi/core@1.11.3':
    resolution: {integrity: sha512-zLpS5asjEb7lq8jYLq37N6XKaE41DIexlY1rF/z4/tIl3wo13Sqm28fRyfIsKZD+NZ8mM5RoKkpW/rBcuoSZSg==}

  '@emnapi/runtime@1.11.3':
    resolution: {integrity: sha512-Xz4Tpyki7XyrpbUK1jR1AhdAdaXyhhY4lZ3neLodmhpuWfy2PAQN5B46sAiU4liOXGLkHypn/qU+jvfWSCYYLA==}

  '@emnapi/wasi-threads@1.2.3':
    resolution: {integrity: sha512-ELEBe8PsLvvJ6QMr0zLt8ffvOHW/dc1m3CEzNMg7aJUv3bMaoDtw2TXyDAwkYBuroxxuHEwhRTLJSe5sya547g==}

  '@napi-rs/wasm-runtime@1.1.6':
    resolution: {integrity: sha512-ZLv/JdUfkvOy9eCnnBaGfiO+XimbjebAeO+MRQqD/B+FR1tnRN0tpKSJHRbE8sFfS6aqsXZ67TQjfwfsxULVbg==}
    peerDependencies:
      '@emnapi/core': ^1.7.1
      '@emnapi/runtime': ^1.7.1

  '@pinojs/redact@0.4.0':
    resolution: {integrity: sha512-k2ENnmBugE/rzQfEcdWHcCY+/FM3VLzH9cYEsbdsoqrvzAKRhUZeRNhAZvB8OitQJ1TBed3yqWtdjzS6wJKBwg==}

  '@rspack/binding-darwin-arm64@2.2.6':
    resolution: {integrity: sha512-y8I8MAeKAOYuLqEKYQSmNFcW4dI1u5O+xYQcjT1L3Gby02KEt0YxlmSPvzElSQJUjsJ8PkKqU3U1suDjA6xvkg==}
    cpu: [arm64]
    os: [darwin]

  '@rspack/binding-darwin-x64@2.2.6':
    resolution: {integrity: sha512-+zhtUAP+nZON1lSlqOFJWW2VpIXRZ4/NQskYe0xohELI4Fr6xun/Oh8dIMt+Nviamvo7lbO9XURrFio1+Fziog==}
    cpu: [x64]
    os: [darwin]

  '@rspack/binding-linux-arm64-gnu@2.2.6':
    resolution: {integrity: sha512-7GI9xlkzVMAp9dbNvynvAreMjQQNw01b+khYYfmoQOgWXTUwrtzR7/JhJ3tijVQTXkyiYAKJ0RPvz57yD+p1vQ==}
    cpu: [arm64]
    os: [linux]
    libc: [glibc]

  '@rspack/binding-linux-arm64-musl@2.2.6':
    resolution: {integrity: sha512-klkjpGdeROzRiGSk2amfeZBAh0vWu0GjX5xKKQfRR4IqKQxURGCQafbvl3VX5XrHEUnKFzag89Lyv+ZVx5eTCw==}
    cpu: [arm64]
    os: [linux]
    libc: [musl]

  '@rspack/binding-linux-ppc64-gnu@2.2.6':
    resolution: {integrity: sha512-TpLZr49oU31EuEqVDczpbfLZ6c976zu8HspBuUWYj1Ra4SNeOHhINKE1i42OVw2DCEMpsz8Tv3tYyLVACGC8JA==}
    cpu: [ppc64]
    os: [linux]
    libc: [glibc]

  '@rspack/binding-linux-riscv64-gnu@2.2.6':
    resolution: {integrity: sha512-gU3Ki8Lt6cE4qRM62959/28GG3XQUZsnvstgDULJpkHR5QFGYXUhOoPe2fpyWYrLw6+t9lWXBuI/gUez1zc8Sg==}
    cpu: [riscv64]
    os: [linux]
    libc: [glibc]

  '@rspack/binding-linux-riscv64-musl@2.2.6':
    resolution: {integrity: sha512-OQRvU8HT9rGmtgdpieO722IrGViDlR0D6yjqbt7S51b+saBPwJ8Nf3fwMtpZnBo1djV2BGXK00L34jYypeChrw==}
    cpu: [riscv64]
    os: [linux]
    libc: [musl]

  '@rspack/binding-linux-s390x-gnu@2.2.6':
    resolution: {integrity: sha512-pus4Z76+J1iRO5Gutc6pq1LkyVhXqi0Sw6o5Dxwtl3sSbVy+F5PJkxtAT+DEg07pQy5m3dCymz2CIpiFlwYLTQ==}
    cpu: [s390x]
    os: [linux]
    libc: [glibc]

  '@rspack/binding-linux-x64-gnu@2.2.6':
    resolution: {integrity: sha512-M0Efi9ny2cJ6VdhHxsZbcwdRCQ0HqBAsnPxPB8Ulknj+VtRlWnTlX/DlqMaHFuCb0MOWS6DXGGEAZ8veEil0BA==}
    cpu: [x64]
    os: [linux]
    libc: [glibc]

  '@rspack/binding-linux-x64-musl@2.2.6':
    resolution: {integrity: sha512-614vRMr6VAqUXQm9TY7FCamcB08XJOv51WAwIlfEpoKTYxzNiQvrTYBYPgStUH20ywLwVoN6EJ++WCmHaebGWw==}
    cpu: [x64]
    os: [linux]
    libc: [musl]

  '@rspack/binding-wasm32-wasi@2.2.6':
    resolution: {integrity: sha512-p995VmOEcHWPKw/Eek0CYUjmXWhfyWOPoKtE51Dy0/jqHcs7uRy53igDd277yHTuKCHibmwU+cjSKUe6b/aBZg==}
    cpu: [wasm32]

  '@rspack/binding-win32-arm64-msvc@2.2.6':
    resolution: {integrity: sha512-xC8nHMqVzQWqVW95HOcf9qTsM445ui7QNfUTDui6oTiHcBtsyfK1CEdXsc50bdi/FrJ2ueOps3M5gxbM8Ttl/A==}
    cpu: [arm64]
    os: [win32]

  '@rspack/binding-win32-ia32-msvc@2.2.6':
    resolution: {integrity: sha512-sfqP/LSnMwAHpTA+Cfbkhvx/IvUr23Z7S+miOkaMT/j2XJYCBrPZK0ZYm8+LUNDQ2ij8/XCJT4pVpQbtc/SMPw==}
    cpu: [ia32]
    os: [win32]

  '@rspack/binding-win32-x64-msvc@2.2.6':
    resolution: {integrity: sha512-b1ERY5QydZWJKA13AYsoMPZycG5AGoUc3sOMqLszO0gs84aMnLbK7lBiyeZCvEcHEa7gSFQlLQr9p+Xk7HPO4Q==}
    cpu: [x64]
    os: [win32]

  '@rspack/binding@2.2.6':
    resolution: {integrity: sha512-bCB4a7KKaQpPNlkExf27AmLJabeGjpjXlhnCdvmSIHHlT3YfpYz2CSKOLLLI/BcBez8zUBNDVmvswm3ggCCRqA==}

  '@rspack/cli@2.2.6':
    resolution: {integrity: sha512-A2Bb+5iGMrAp+YKgm3cN/3XfJfXed4GnoPlPRsjybyxrR+FyQmYMhxhKUfcQbD9JDHwXpQTOetwEBfzHSGJf+Q==}
    hasBin: true
    peerDependencies:
      '@rspack/core': ^2.0.0-0
      '@rspack/dev-server': ^2.0.0-0
    peerDependenciesMeta:
      '@rspack/dev-server':
        optional: true

  '@rspack/core@2.2.6':
    resolution: {integrity: sha512-sqN75Fgf6v3tCmt8GAG/rdcYHOUDv/YZbQf24YCGDoMLmdNlXCosCHkBYWI8qdLs9IqSnGt7XgbcA39Zilg6UQ==}
    engines: {node: ^20.19.0 || >=22.12.0}
    peerDependencies:
      '@module-federation/runtime-tools': ^0.24.1 || ^2.0.0
      '@swc/helpers': ^0.5.23
    peerDependenciesMeta:
      '@module-federation/runtime-tools':
        optional: true
      '@swc/helpers':
        optional: true

  '@tybys/wasm-util@0.10.4':
    resolution: {integrity: sha512-W3c4gRigFS0T/Ma4qIYF3GDAc5AQdHb1yL5znJT1Zv1YaD9Kitx656wBjvr19qbiosmZT8lWDM5BEMynUqX65A==}

  '@types/node@26.6.2':
    resolution: {integrity: sha512-X1P21scMv4zGKLYqjdGjaKa7COa0RKVYYZZN/NfvLQ1JegxFhdhpZG/Lyn8AXx6CDUavKAd11v6BvfpkDByK8g==}

  '@types/ws@8.18.1':
    resolution: {integrity: sha512-ThVF6DCVhA8kUGy+aazFQ4kXQ7E1Ty7A3ypFOe0IcJV8O/M511G99AW24irKrW56Wt44yG9+ij8FaqoBGkuBXg==}

  atomic-sleep@1.0.0:
    resolution: {integrity: sha512-kNOjDqAh7px0XWNI+4QbzoiR/nTkHAWNud2uvnJquD1/x5a7EQZMJT0AczqK0Qn67oY/TTQ1LbUKajZpp3I9tQ==}
    engines: {node: '>=8.0.0'}

  date-fns@4.4.0:
    resolution: {integrity: sha512-+1UMbeh68lH1SegH83CGWwpb6OHHbpSgr3+s5Eww5M4CAgswBpoWS0AjTOfEJ33HiYKz1hdj/KTFprzXHmq/6w==}

  js-base64@3.9.4:
    resolution: {integrity: sha512-PtOMXpEGuP0RRiRXsjzHzl44dMHxSu2CPvAhinupR1tBa88me+1DPqsobl7eupn5UukjLkln1ZnAOAOXOrYG0Q==}

  loro-crdt@1.16.1:
    resolution: {integrity: sha512-olUkbQEjeeE78Kx6BknYrpbaX43wxRAycoiLZUSLVcMFKMSZ8RxPfp244kNVQEM8MQfgkbnwrNOaHU/yUb5Ncg==}

  mobx@7.0.3:
    resolution: {integrity: sha512-KopyyzqZ8xT1fqxFNl8ItKKMpGifRe2ySaNAHs80/cx0mL1bpJtJ46S+FSyzXKRjW0TODWj5zwq/Y9hUdJUy4w==}

  nanoevents@10.0.0:
    resolution: {integrity: sha512-PmIJ3BNxOzgVgnS1r/Pvyj6eZx/xUV2JCPogh0brD6smDIwjRlr1KBl9yoRX323PlfaNrBDDnfCgC9SL00OjSg==}
    engines: {node: ^22.0.0 || ^24.0.0 || >=26.0.0}

  on-exit-leak-free@2.1.2:
    resolution: {integrity: sha512-0eJJY6hXLGf1udHwfNftBqH+g73EU4B504nZeKpz1sYRKafAghwxEJunB2O7rDZkL4PGfsMVnTXZ2EjibbqcsA==}
    engines: {node: '>=14.0.0'}

  pino-abstract-transport@3.0.0:
    resolution: {integrity: sha512-wlfUczU+n7Hy/Ha5j9a/gZNy7We5+cXp8YL+X+PG8S0KXxw7n/JXA3c46Y0zQznIJ83URJiwy7Lh56WLokNuxg==}

  pino-std-serializers@7.1.0:
    resolution: {integrity: sha512-BndPH67/JxGExRgiX1dX0w1FvZck5Wa4aal9198SrRhZjH3GxKQUKIBnYJTdj2HDN3UQAS06HlfcSbQj2OHmaw==}

  pino@10.3.1:
    resolution: {integrity: sha512-r34yH/GlQpKZbU1BvFFqOjhISRo1MNx1tWYsYvmj6KIRHSPMT2+yHOEb1SG6NMvRoHRF0a07kCOox/9yakl1vg==}
    hasBin: true

  process-warning@5.1.0:
    resolution: {integrity: sha512-jQSaVHsPgtyw60e1rQ/A+/ArPEj/S8pS/vFnyGa/gYFXrKk/6RuDkoqVDQ5NI5MmS01698ltlAk0NoDBNLujRw==}

  quick-format-unescaped@4.0.4:
    resolution: {integrity: sha512-tYC1Q1hgyRuHgloV/YXs2w15unPVh8qfu/qCTfhTYamaw7fyhumKa2yGpdSo87vY32rIclj+4fWYQXUMs9EHvg==}

  real-require@0.2.0:
    resolution: {integrity: sha512-57frrGM/OCTLqLOAh0mhVA9VBMHd+9U7Zb2THMGdBUoZVOtGbJzjxsYGDJ3A9AYYCP4hn6y1TVbaOfzWtm5GFg==}
    engines: {node: '>= 12.13.0'}

  real-require@1.0.0:
    resolution: {integrity: sha512-P4nbQYQfePJxRSmY+v/KINxVucm4NF3p3s7pJveMTtom52FR4YGltUQLB8idDXwDDWW+eYrWDFbuzUnjoWHF7g==}

  safe-stable-stringify@2.5.0:
    resolution: {integrity: sha512-b3rppTKm9T+PsVCBEOUR46GWI7fdOs00VKZ1+9c1EWDaDMvjQc6tUwuFyIprgGgTcWoVHSKrU8H31ZHA2e0RHA==}
    engines: {node: '>=10'}

  sonic-boom@4.2.1:
    resolution: {integrity: sha512-w6AxtubXa2wTXAUsZMMWERrsIRAdrK0Sc+FUytWvYAhBJLyuI4llrMIC1DtlNSdI99EI86KZum2MMq3EAZlF9Q==}

  split2@4.2.0:
    resolution: {integrity: sha512-UcjcJOWknrNkF6PLX83qcHM6KHgVKNkV62Y8a5uYDVv9ydGQVwAHMKqHdJje1VTWpljG0WYpCDhrCdAOYH4TWg==}
    engines: {node: '>= 10.x'}

  thread-stream@4.2.0:
    resolution: {integrity: sha512-e2zZ96wSChazBsbENf/Pcm/4swHt2cEKQ92rhUjkL9GCKiTDJIaTBenjE/m9DXi0QBmTMDkFDdOomUy20A1tDQ==}
    engines: {node: '>=20'}

  tslib@2.8.1:
    resolution: {integrity: sha512-oJFu94HQb+KVduSUQL7wnpmqnfmLsOA/nAh6b6EH0wCEoK0/mPeXU6c3wKDV83MkOuHPRHtSXKKU99IBazS/2w==}

  undici-types@8.9.0:
    resolution: {integrity: sha512-KTDyRTYX8sWmKXAikPHHSyc63CRPETMctyjKFupcC6OBLXT3xsN0e9aF7m+mIXutFWpUXuedtowG7iLOzp0kQg==}

  uuid@14.0.2:
    resolution: {integrity: sha512-xZe/16rV4aa+HGSOCiY2YeLT1OybRLrrkL/Rqaq7p7GMVXjFh+6wN4oMYgjFmnSnhY8t6Xpdl2l9qmnHYuMHwQ==}
    hasBin: true

  ws@8.21.3:
    resolution: {integrity: sha512-201TZ/kPWxoPr/OKWjquZR1SWKXcvxdH+e1xrx89b3YbmzLMFCLfnaG1HFIgWzJOEWZ7MvpK++odZufgYR50Rw==}
    engines: {node: '>=10.0.0'}
    peerDependencies:
      bufferutil: ^4.0.1
      utf-8-validate: '>=5.0.2'
    peerDependenciesMeta:
      bufferutil:
        optional: true
      utf-8-validate:
        optional: true

snapshots:

  '@emnapi/core@1.11.3':
    dependencies:
      '@emnapi/wasi-threads': 1.2.3
      tslib: 2.8.1
    optional: true

  '@emnapi/runtime@1.11.3':
    dependencies:
      tslib: 2.8.1
    optional: true

  '@emnapi/wasi-threads@1.2.3':
    dependencies:
      tslib: 2.8.1
    optional: true

  '@napi-rs/wasm-runtime@1.1.6(@emnapi/core@1.11.3)(@emnapi/runtime@1.11.3)':
    dependencies:
      '@emnapi/core': 1.11.3
      '@emnapi/runtime': 1.11.3
      '@tybys/wasm-util': 0.10.4
    optional: true

  '@pinojs/redact@0.4.0': {}

  '@rspack/binding-darwin-arm64@2.2.6':
    optional: true

  '@rspack/binding-darwin-x64@2.2.6':
    optional: true

  '@rspack/binding-linux-arm64-gnu@2.2.6':
    optional: true

  '@rspack/binding-linux-arm64-musl@2.2.6':
    optional: true

  '@rspack/binding-linux-ppc64-gnu@2.2.6':
    optional: true

  '@rspack/binding-linux-riscv64-gnu@2.2.6':
    optional: true

  '@rspack/binding-linux-riscv64-musl@2.2.6':
    optional: true

  '@rspack/binding-linux-s390x-gnu@2.2.6':
    optional: true

  '@rspack/binding-linux-x64-gnu@2.2.6':
    optional: true

  '@rspack/binding-linux-x64-musl@2.2.6':
    optional: true

  '@rspack/binding-wasm32-wasi@2.2.6':
    dependencies:
      '@emnapi/core': 1.11.3
      '@emnapi/runtime': 1.11.3
      '@napi-rs/wasm-runtime': 1.1.6(@emnapi/core@1.11.3)(@emnapi/runtime@1.11.3)
    optional: true

  '@rspack/binding-win32-arm64-msvc@2.2.6':
    optional: true

  '@rspack/binding-win32-ia32-msvc@2.2.6':
    optional: true

  '@rspack/binding-win32-x64-msvc@2.2.6':
    optional: true

  '@rspack/binding@2.2.6':
    optionalDependencies:
      '@rspack/binding-darwin-arm64': 2.2.6
      '@rspack/binding-darwin-x64': 2.2.6
      '@rspack/binding-linux-arm64-gnu': 2.2.6
      '@rspack/binding-linux-arm64-musl': 2.2.6
      '@rspack/binding-linux-ppc64-gnu': 2.2.6
      '@rspack/binding-linux-riscv64-gnu': 2.2.6
      '@rspack/binding-linux-riscv64-musl': 2.2.6
      '@rspack/binding-linux-s390x-gnu': 2.2.6
      '@rspack/binding-linux-x64-gnu': 2.2.6
      '@rspack/binding-linux-x64-musl': 2.2.6
      '@rspack/binding-wasm32-wasi': 2.2.6
      '@rspack/binding-win32-arm64-msvc': 2.2.6
      '@rspack/binding-win32-ia32-msvc': 2.2.6
      '@rspack/binding-win32-x64-msvc': 2.2.6

  '@rspack/cli@2.2.6(@rspack/core@2.2.6)':
    dependencies:
      '@rspack/core': 2.2.6

  '@rspack/core@2.2.6':
    dependencies:
      '@rspack/binding': 2.2.6

  '@tybys/wasm-util@0.10.4':
    dependencies:
      tslib: 2.8.1
    optional: true

  '@types/node@26.6.2':
    dependencies:
      undici-types: 8.9.0

  '@types/ws@8.18.1':
    dependencies:
      '@types/node': 26.6.2

  atomic-sleep@1.0.0: {}

  date-fns@4.4.0: {}

  js-base64@3.9.4: {}

  loro-crdt@1.16.1: {}

  mobx@7.0.3: {}

  nanoevents@10.0.0: {}

  on-exit-leak-free@2.1.2: {}

  pino-abstract-transport@3.0.0:
    dependencies:
      split2: 4.2.0

  pino-std-serializers@7.1.0: {}

  pino@10.3.1:
    dependencies:
      '@pinojs/redact': 0.4.0
      atomic-sleep: 1.0.0
      on-exit-leak-free: 2.1.2
      pino-abstract-transport: 3.0.0
      pino-std-serializers: 7.1.0
      process-warning: 5.1.0
      quick-format-unescaped: 4.0.4
      real-require: 0.2.0
      safe-stable-stringify: 2.5.0
      sonic-boom: 4.2.1
      thread-stream: 4.2.0

  process-warning@5.1.0: {}

  quick-format-unescaped@4.0.4: {}

  real-require@0.2.0: {}

  real-require@1.0.0: {}

  safe-stable-stringify@2.5.0: {}

  sonic-boom@4.2.1:
    dependencies:
      atomic-sleep: 1.0.0

  split2@4.2.0: {}

  thread-stream@4.2.0:
    dependencies:
      real-require: 1.0.0

  tslib@2.8.1:
    optional: true

  undici-types@8.9.0: {}

  uuid@14.0.2: {}

  ws@8.21.3: {}
